
Microsoft Visual Studio Solution File, Format Version 12.00
# Visual Studio Version 16
VisualStudioVersion = 16.0.32228.343
MinimumVisualStudioVersion = 10.0.40219.1
Project("{FAE04EC0-301F-11D3-BF4B-00C04F79EFBC}") = "DocWeb", "DocWeb\DocWeb.csproj", "{D897E5FA-47BE-47C9-9F26-CCC8DF04D844}"
EndProject
Global
	GlobalSection(SolutionConfigurationPlatforms) = preSolution
		Debug|Any CPU = Debug|Any CPU
		Release|Any CPU = Release|Any CPU
	EndGlobalSection
	GlobalSection(ProjectConfigurationPlatforms) = postSolution
		{D897E5FA-47BE-47C9-9F26-CCC8DF04D844}.Debug|Any CPU.ActiveCfg = Debug|Any CPU
		{D897E5FA-47BE-47C9-9F26-CCC8DF04D844}.Debug|Any CPU.Build.0 = Debug|Any CPU
		{D897E5FA-47BE-47C9-9F26-CCC8DF04D844}.Release|Any CPU.ActiveCfg = Release|Any CPU
		{D897E5FA-47BE-47C9-9F26-CCC8DF04D844}.Release|Any CPU.Build.0 = Release|Any CPU
	EndGlobalSection
	GlobalSection(SolutionProperties) = preSolution
		HideSolutionNode = FALSE
	EndGlobalSection
	GlobalSection(ExtensibilityGlobals) = postSolution
		SolutionGuid = {4F1583D5-8593-45A6-9A88-20D74A388527}
	EndGlobalSection
EndGlobal
